
Microsoft Visual Studio Solution File, Format Version 11.00
# Visual Studio 2010
Project("{8BC9CEB8-8B4A-11D0-8D11-00A0C91BC942}") = "OMLT", "OMLT\OMLT.vcxproj", "{1626829F-763E-4AFB-B120-B0B61E3CA9AD}"
EndProject
Project("{8BC9CEB8-8B4A-11D0-8D11-00A0C91BC942}") = "Sandbox", "Sandbox\Sandbox.vcxproj", "{30D24D5F-F45E-4E93-B7D3-18518CAE4497}"
	ProjectSection(ProjectDependencies) = postProject
		{1626829F-763E-4AFB-B120-B0B61E3CA9AD} = {1626829F-763E-4AFB-B120-B0B61E3CA9AD}
	EndProjectSection
EndProject
Global
	GlobalSection(SolutionConfigurationPlatforms) = preSolution
		Debug|Win32 = Debug|Win32
		Release|Win32 = Release|Win32
	EndGlobalSection
	GlobalSection(ProjectConfigurationPlatforms) = postSolution
		{1626829F-763E-4AFB-B120-B0B61E3CA9AD}.Debug|Win32.ActiveCfg = Debug|Win32
		{1626829F-763E-4AFB-B120-B0B61E3CA9AD}.Debug|Win32.Build.0 = Debug|Win32
		{1626829F-763E-4AFB-B120-B0B61E3CA9AD}.Release|Win32.ActiveCfg = Release|Win32
		{1626829F-763E-4AFB-B120-B0B61E3CA9AD}.Release|Win32.Build.0 = Release|Win32
		{30D24D5F-F45E-4E93-B7D3-18518CAE4497}.Debug|Win32.ActiveCfg = Debug|Win32
		{30D24D5F-F45E-4E93-B7D3-18518CAE4497}.Debug|Win32.Build.0 = Debug|Win32
		{30D24D5F-F45E-4E93-B7D3-18518CAE4497}.Release|Win32.ActiveCfg = Release|Win32
		{30D24D5F-F45E-4E93-B7D3-18518CAE4497}.Release|Win32.Build.0 = Release|Win32
	EndGlobalSection
	GlobalSection(SolutionProperties) = preSolution
		HideSolutionNode = FALSE
	EndGlobalSection
EndGlobal
